
Microsoft Visual Studio Solution File, Format Version 12.00
# Visual Studio Version 16
VisualStudioVersion = 16.0.31911.196
MinimumVisualStudioVersion = 10.0.40219.1
Project("{9A19103F-16F7-4668-BE54-9A1E7A4F7556}") = "UserManagementCore", "UserManagementCore\UserManagementCore.csproj", "{0A272EC8-6EB7-4084-A68A-414B69C27D83}"
EndProject
Project("{FAE04EC0-301F-11D3-BF4B-00C04F79EFBC}") = "UserManagementEntityModel", "UserManagementEntityModel\UserManagementEntityModel.csproj", "{199D2232-FF20-426C-938F-50C289C4F5F0}"
EndProject
Global
	GlobalSection(SolutionConfigurationPlatforms) = preSolution
		Debug|Any CPU = Debug|Any CPU
		Release|Any CPU = Release|Any CPU
	EndGlobalSection
	GlobalSection(ProjectConfigurationPlatforms) = postSolution
		{0A272EC8-6EB7-4084-A68A-414B69C27D83}.Debug|Any CPU.ActiveCfg = Debug|Any CPU
		{0A272EC8-6EB7-4084-A68A-414B69C27D83}.Debug|Any CPU.Build.0 = Debug|Any CPU
		{0A272EC8-6EB7-4084-A68A-414B69C27D83}.Release|Any CPU.ActiveCfg = Release|Any CPU
		{0A272EC8-6EB7-4084-A68A-414B69C27D83}.Release|Any CPU.Build.0 = Release|Any CPU
		{199D2232-FF20-426C-938F-50C289C4F5F0}.Debug|Any CPU.ActiveCfg = Debug|Any CPU
		{199D2232-FF20-426C-938F-50C289C4F5F0}.Debug|Any CPU.Build.0 = Debug|Any CPU
		{199D2232-FF20-426C-938F-50C289C4F5F0}.Release|Any CPU.ActiveCfg = Release|Any CPU
		{199D2232-FF20-426C-938F-50C289C4F5F0}.Release|Any CPU.Build.0 = Release|Any CPU
	EndGlobalSection
	GlobalSection(SolutionProperties) = preSolution
		HideSolutionNode = FALSE
	EndGlobalSection
	GlobalSection(ExtensibilityGlobals) = postSolution
		SolutionGuid = {B4BD0E1B-DE89-41F8-98C1-B3DE22F840FE}
	EndGlobalSection
EndGlobal
